
Microsoft Visual Studio Solution File, Format Version 10.00
# Visual Studio 2008
Project("{E24C65DC-7377-472B-9ABA-BC803B73C61A}") = "ACMS", ".", "{AFE2B053-0620-4B1B-B6C4-6434FEE5A746}"
	ProjectSection(WebsiteProperties) = preProject
		TargetFramework = "2.0"
		Debug.AspNetCompiler.VirtualPath = "/ACMS"
		Debug.AspNetCompiler.PhysicalPath = "..\ACMS\"
		Debug.AspNetCompiler.TargetPath = "PrecompiledWeb\ACMS\"
		Debug.AspNetCompiler.Updateable = "true"
		Debug.AspNetCompiler.ForceOverwrite = "true"
		Debug.AspNetCompiler.FixedNames = "false"
		Debug.AspNetCompiler.Debug = "True"
		Release.AspNetCompiler.VirtualPath = "/ACMS"
		Release.AspNetCompiler.PhysicalPath = "..\ACMS\"
		Release.AspNetCompiler.TargetPath = "PrecompiledWeb\ACMS\"
		Release.AspNetCompiler.Updateable = "true"
		Release.AspNetCompiler.ForceOverwrite = "true"
		Release.AspNetCompiler.FixedNames = "false"
		Release.AspNetCompiler.Debug = "False"
		VWDPort = "51083"
	EndProjectSection
EndProject
Project("{D183A3D8-5FD8-494B-B014-37F57B35E655}") = "MailSSIS", "..\ACMSSSIS\MailSSIS\MailSSIS.dtproj", "{38DC9FD3-5326-4F82-BEBB-E02F01290C40}"
EndProject
Global
	GlobalSection(SolutionConfigurationPlatforms) = preSolution
		Debug|Any CPU = Debug|Any CPU
		Development|Any CPU = Development|Any CPU
	EndGlobalSection
	GlobalSection(ProjectConfigurationPlatforms) = postSolution
		{AFE2B053-0620-4B1B-B6C4-6434FEE5A746}.Debug|Any CPU.ActiveCfg = Debug|Any CPU
		{AFE2B053-0620-4B1B-B6C4-6434FEE5A746}.Debug|Any CPU.Build.0 = Debug|Any CPU
		{AFE2B053-0620-4B1B-B6C4-6434FEE5A746}.Development|Any CPU.ActiveCfg = Debug|Any CPU
		{AFE2B053-0620-4B1B-B6C4-6434FEE5A746}.Development|Any CPU.Build.0 = Debug|Any CPU
		{38DC9FD3-5326-4F82-BEBB-E02F01290C40}.Debug|Any CPU.ActiveCfg = Development
		{38DC9FD3-5326-4F82-BEBB-E02F01290C40}.Debug|Any CPU.Build.0 = Development
		{38DC9FD3-5326-4F82-BEBB-E02F01290C40}.Development|Any CPU.ActiveCfg = Development
		{38DC9FD3-5326-4F82-BEBB-E02F01290C40}.Development|Any CPU.Build.0 = Development
	EndGlobalSection
	GlobalSection(SolutionProperties) = preSolution
		HideSolutionNode = FALSE
	EndGlobalSection
EndGlobal
