
Microsoft Visual Studio Solution File, Format Version 10.00
# Visual Studio 2008
Project("{FAE04EC0-301F-11D3-BF4B-00C04F79EFBC}") = "ACMS_DailyUpdate", "ACMS_DailyUpdate\ACMS_DailyUpdate.csproj", "{B70E8FFD-C981-418D-9DFB-ED33701A822F}"
EndProject
Project("{54435603-DBB4-11D2-8724-00A0C9A8B90C}") = "ACMS_DailyUpdateSetup", "ACMS_DailyUpdateSetup\ACMS_DailyUpdateSetup.vdproj", "{EF4171E7-D2AB-4465-B598-0A86D5F86957}"
EndProject
Global
	GlobalSection(SolutionConfigurationPlatforms) = preSolution
		Debug|Any CPU = Debug|Any CPU
		Release|Any CPU = Release|Any CPU
	EndGlobalSection
	GlobalSection(ProjectConfigurationPlatforms) = postSolution
		{B70E8FFD-C981-418D-9DFB-ED33701A822F}.Debug|Any CPU.ActiveCfg = Debug|Any CPU
		{B70E8FFD-C981-418D-9DFB-ED33701A822F}.Debug|Any CPU.Build.0 = Debug|Any CPU
		{B70E8FFD-C981-418D-9DFB-ED33701A822F}.Release|Any CPU.ActiveCfg = Release|Any CPU
		{B70E8FFD-C981-418D-9DFB-ED33701A822F}.Release|Any CPU.Build.0 = Release|Any CPU
		{EF4171E7-D2AB-4465-B598-0A86D5F86957}.Debug|Any CPU.ActiveCfg = Debug
		{EF4171E7-D2AB-4465-B598-0A86D5F86957}.Release|Any CPU.ActiveCfg = Release
	EndGlobalSection
	GlobalSection(SolutionProperties) = preSolution
		HideSolutionNode = FALSE
	EndGlobalSection
EndGlobal
